
Microsoft Visual Studio Solution File, Format Version 12.00
Project("{FAE04EC0-301F-11D3-BF4B-00C04F79EFBC}") = "CelltechMessageFacebook", "CelltechMessageFacebook\CelltechMessageFacebook.csproj", "{AA9E3427-D58C-420B-B9EF-046F1A572E9F}"
EndProject
Project("{FAE04EC0-301F-11D3-BF4B-00C04F79EFBC}") = "CelltechMessageFacebook.Client", "CelltechMessageFacebook.Client\CelltechMessageFacebook.Client.csproj", "{9AE894B8-7969-4E40-A7A6-0CF4A9F9D847}"
EndProject
Global
	GlobalSection(SolutionConfigurationPlatforms) = preSolution
		Debug|Any CPU = Debug|Any CPU
		Release|Any CPU = Release|Any CPU
	EndGlobalSection
	GlobalSection(ProjectConfigurationPlatforms) = postSolution
		{AA9E3427-D58C-420B-B9EF-046F1A572E9F}.Debug|Any CPU.ActiveCfg = Debug|Any CPU
		{AA9E3427-D58C-420B-B9EF-046F1A572E9F}.Debug|Any CPU.Build.0 = Debug|Any CPU
		{AA9E3427-D58C-420B-B9EF-046F1A572E9F}.Release|Any CPU.ActiveCfg = Release|Any CPU
		{AA9E3427-D58C-420B-B9EF-046F1A572E9F}.Release|Any CPU.Build.0 = Release|Any CPU
		{9AE894B8-7969-4E40-A7A6-0CF4A9F9D847}.Debug|Any CPU.ActiveCfg = Debug|Any CPU
		{9AE894B8-7969-4E40-A7A6-0CF4A9F9D847}.Debug|Any CPU.Build.0 = Debug|Any CPU
		{9AE894B8-7969-4E40-A7A6-0CF4A9F9D847}.Release|Any CPU.ActiveCfg = Release|Any CPU
		{9AE894B8-7969-4E40-A7A6-0CF4A9F9D847}.Release|Any CPU.Build.0 = Release|Any CPU
	EndGlobalSection
EndGlobal
